
Microsoft Visual Studio Solution File, Format Version 12.00
# Visual Studio Version 16
VisualStudioVersion = 16.0.31402.337
MinimumVisualStudioVersion = 10.0.40219.1
Project("{FAE04EC0-301F-11D3-BF4B-00C04F79EFBC}") = "XamarinTuts.Android", "XamarinTuts\XamarinTuts.Android\XamarinTuts.Android.csproj", "{2DBC1F5E-8E44-467F-B803-32C3C37E9BC5}"
EndProject
Project("{FAE04EC0-301F-11D3-BF4B-00C04F79EFBC}") = "XamarinTuts.iOS", "XamarinTuts\XamarinTuts.iOS\XamarinTuts.iOS.csproj", "{460BFBC8-9F82-4E8F-9E05-254167F1744A}"
EndProject
Project("{9A19103F-16F7-4668-BE54-9A1E7A4F7556}") = "XamarinTuts", "XamarinTuts\XamarinTuts\XamarinTuts.csproj", "{83DB125A-6A84-4B9B-9242-B47F6E724470}"
EndProject
Project("{FAE04EC0-301F-11D3-BF4B-00C04F79EFBC}") = "ClassLibrary", "ClassLibrary\ClassLibrary.csproj", "{E74BE4A9-59CE-44DF-A0CC-64D070A205F0}"
EndProject
Global
	GlobalSection(SolutionConfigurationPlatforms) = preSolution
		Debug|Any CPU = Debug|Any CPU
		Debug|iPhone = Debug|iPhone
		Debug|iPhoneSimulator = Debug|iPhoneSimulator
		Release|Any CPU = Release|Any CPU
		Release|iPhone = Release|iPhone
		Release|iPhoneSimulator = Release|iPhoneSimulator
	EndGlobalSection
	GlobalSection(ProjectConfigurationPlatforms) = postSolution
		{2DBC1F5E-8E44-467F-B803-32C3C37E9BC5}.Debug|Any CPU.ActiveCfg = Debug|Any CPU
		{2DBC1F5E-8E44-467F-B803-32C3C37E9BC5}.Debug|Any CPU.Build.0 = Debug|Any CPU
		{2DBC1F5E-8E44-467F-B803-32C3C37E9BC5}.Debug|Any CPU.Deploy.0 = Debug|Any CPU
		{2DBC1F5E-8E44-467F-B803-32C3C37E9BC5}.Debug|iPhone.ActiveCfg = Debug|Any CPU
		{2DBC1F5E-8E44-467F-B803-32C3C37E9BC5}.Debug|iPhone.Build.0 = Debug|Any CPU
		{2DBC1F5E-8E44-467F-B803-32C3C37E9BC5}.Debug|iPhone.Deploy.0 = Debug|Any CPU
		{2DBC1F5E-8E44-467F-B803-32C3C37E9BC5}.Debug|iPhoneSimulator.ActiveCfg = Debug|Any CPU
		{2DBC1F5E-8E44-467F-B803-32C3C37E9BC5}.Debug|iPhoneSimulator.Build.0 = Debug|Any CPU
		{2DBC1F5E-8E44-467F-B803-32C3C37E9BC5}.Debug|iPhoneSimulator.Deploy.0 = Debug|Any CPU
		{2DBC1F5E-8E44-467F-B803-32C3C37E9BC5}.Release|Any CPU.ActiveCfg = Release|Any CPU
		{2DBC1F5E-8E44-467F-B803-32C3C37E9BC5}.Release|Any CPU.Build.0 = Release|Any CPU
		{2DBC1F5E-8E44-467F-B803-32C3C37E9BC5}.Release|Any CPU.Deploy.0 = Release|Any CPU
		{2DBC1F5E-8E44-467F-B803-32C3C37E9BC5}.Release|iPhone.ActiveCfg = Release|Any CPU
		{2DBC1F5E-8E44-467F-B803-32C3C37E9BC5}.Release|iPhone.Build.0 = Release|Any CPU
		{2DBC1F5E-8E44-467F-B803-32C3C37E9BC5}.Release|iPhone.Deploy.0 = Release|Any CPU
		{2DBC1F5E-8E44-467F-B803-32C3C37E9BC5}.Release|iPhoneSimulator.ActiveCfg = Release|Any CPU
		{2DBC1F5E-8E44-467F-B803-32C3C37E9BC5}.Release|iPhoneSimulator.Build.0 = Release|Any CPU
		{2DBC1F5E-8E44-467F-B803-32C3C37E9BC5}.Release|iPhoneSimulator.Deploy.0 = Release|Any CPU
		{460BFBC8-9F82-4E8F-9E05-254167F1744A}.Debug|Any CPU.ActiveCfg = Debug|iPhone
		{460BFBC8-9F82-4E8F-9E05-254167F1744A}.Debug|Any CPU.Build.0 = Debug|iPhone
		{460BFBC8-9F82-4E8F-9E05-254167F1744A}.Debug|Any CPU.Deploy.0 = Debug|iPhone
		{460BFBC8-9F82-4E8F-9E05-254167F1744A}.Debug|iPhone.ActiveCfg = Debug|iPhone
		{460BFBC8-9F82-4E8F-9E05-254167F1744A}.Debug|iPhone.Build.0 = Debug|iPhone
		{460BFBC8-9F82-4E8F-9E05-254167F1744A}.Debug|iPhone.Deploy.0 = Debug|iPhone
		{460BFBC8-9F82-4E8F-9E05-254167F1744A}.Debug|iPhoneSimulator.ActiveCfg = Debug|iPhoneSimulator
		{460BFBC8-9F82-4E8F-9E05-254167F1744A}.Debug|iPhoneSimulator.Build.0 = Debug|iPhoneSimulator
		{460BFBC8-9F82-4E8F-9E05-254167F1744A}.Debug|iPhoneSimulator.Deploy.0 = Debug|iPhoneSimulator
		{460BFBC8-9F82-4E8F-9E05-254167F1744A}.Release|Any CPU.ActiveCfg = Release|iPhoneSimulator
		{460BFBC8-9F82-4E8F-9E05-254167F1744A}.Release|Any CPU.Build.0 = Release|iPhoneSimulator
		{460BFBC8-9F82-4E8F-9E05-254167F1744A}.Release|Any CPU.Deploy.0 = Release|iPhoneSimulator
		{460BFBC8-9F82-4E8F-9E05-254167F1744A}.Release|iPhone.ActiveCfg = Release|iPhone
		{460BFBC8-9F82-4E8F-9E05-254167F1744A}.Release|iPhone.Build.0 = Release|iPhone
		{460BFBC8-9F82-4E8F-9E05-254167F1744A}.Release|iPhone.Deploy.0 = Release|iPhone
		{460BFBC8-9F82-4E8F-9E05-254167F1744A}.Release|iPhoneSimulator.ActiveCfg = Release|iPhoneSimulator
		{460BFBC8-9F82-4E8F-9E05-254167F1744A}.Release|iPhoneSimulator.Build.0 = Release|iPhoneSimulator
		{460BFBC8-9F82-4E8F-9E05-254167F1744A}.Release|iPhoneSimulator.Deploy.0 = Release|iPhoneSimulator
		{83DB125A-6A84-4B9B-9242-B47F6E724470}.Debug|Any CPU.ActiveCfg = Debug|Any CPU
		{83DB125A-6A84-4B9B-9242-B47F6E724470}.Debug|Any CPU.Build.0 = Debug|Any CPU
		{83DB125A-6A84-4B9B-9242-B47F6E724470}.Debug|Any CPU.Deploy.0 = Debug|Any CPU
		{83DB125A-6A84-4B9B-9242-B47F6E724470}.Debug|iPhone.ActiveCfg = Debug|Any CPU
		{83DB125A-6A84-4B9B-9242-B47F6E724470}.Debug|iPhone.Build.0 = Debug|Any CPU
		{83DB125A-6A84-4B9B-9242-B47F6E724470}.Debug|iPhone.Deploy.0 = Debug|Any CPU
		{83DB125A-6A84-4B9B-9242-B47F6E724470}.Debug|iPhoneSimulator.ActiveCfg = Debug|Any CPU
		{83DB125A-6A84-4B9B-9242-B47F6E724470}.Debug|iPhoneSimulator.Build.0 = Debug|Any CPU
		{83DB125A-6A84-4B9B-9242-B47F6E724470}.Debug|iPhoneSimulator.Deploy.0 = Debug|Any CPU
		{83DB125A-6A84-4B9B-9242-B47F6E724470}.Release|Any CPU.ActiveCfg = Release|Any CPU
		{83DB125A-6A84-4B9B-9242-B47F6E724470}.Release|Any CPU.Build.0 = Release|Any CPU
		{83DB125A-6A84-4B9B-9242-B47F6E724470}.Release|Any CPU.Deploy.0 = Release|Any CPU
		{83DB125A-6A84-4B9B-9242-B47F6E724470}.Release|iPhone.ActiveCfg = Release|Any CPU
		{83DB125A-6A84-4B9B-9242-B47F6E724470}.Release|iPhone.Build.0 = Release|Any CPU
		{83DB125A-6A84-4B9B-9242-B47F6E724470}.Release|iPhone.Deploy.0 = Release|Any CPU
		{83DB125A-6A84-4B9B-9242-B47F6E724470}.Release|iPhoneSimulator.ActiveCfg = Release|Any CPU
		{83DB125A-6A84-4B9B-9242-B47F6E724470}.Release|iPhoneSimulator.Build.0 = Release|Any CPU
		{83DB125A-6A84-4B9B-9242-B47F6E724470}.Release|iPhoneSimulator.Deploy.0 = Release|Any CPU
		{E74BE4A9-59CE-44DF-A0CC-64D070A205F0}.Debug|Any CPU.ActiveCfg = Debug|Any CPU
		{E74BE4A9-59CE-44DF-A0CC-64D070A205F0}.Debug|Any CPU.Build.0 = Debug|Any CPU
		{E74BE4A9-59CE-44DF-A0CC-64D070A205F0}.Debug|iPhone.ActiveCfg = Debug|Any CPU
		{E74BE4A9-59CE-44DF-A0CC-64D070A205F0}.Debug|iPhone.Build.0 = Debug|Any CPU
		{E74BE4A9-59CE-44DF-A0CC-64D070A205F0}.Debug|iPhoneSimulator.ActiveCfg = Debug|Any CPU
		{E74BE4A9-59CE-44DF-A0CC-64D070A205F0}.Debug|iPhoneSimulator.Build.0 = Debug|Any CPU
		{E74BE4A9-59CE-44DF-A0CC-64D070A205F0}.Release|Any CPU.ActiveCfg = Release|Any CPU
		{E74BE4A9-59CE-44DF-A0CC-64D070A205F0}.Release|Any CPU.Build.0 = Release|Any CPU
		{E74BE4A9-59CE-44DF-A0CC-64D070A205F0}.Release|iPhone.ActiveCfg = Release|Any CPU
		{E74BE4A9-59CE-44DF-A0CC-64D070A205F0}.Release|iPhone.Build.0 = Release|Any CPU
		{E74BE4A9-59CE-44DF-A0CC-64D070A205F0}.Release|iPhoneSimulator.ActiveCfg = Release|Any CPU
		{E74BE4A9-59CE-44DF-A0CC-64D070A205F0}.Release|iPhoneSimulator.Build.0 = Release|Any CPU
	EndGlobalSection
	GlobalSection(SolutionProperties) = preSolution
		HideSolutionNode = FALSE
	EndGlobalSection
	GlobalSection(ExtensibilityGlobals) = postSolution
		SolutionGuid = {01FC60C7-4364-4426-98D0-87548CF44CF2}
	EndGlobalSection
EndGlobal
